// !$*UTF8*$!
{
	archiveVersion = 1;
	classes = {
	};
	objectVersion = 46;
	objects = {

/* Begin PBXBuildFile section */
		A4F104631E8B3E9E009E3C02 /* AppDelegate.swift in Sources */ = {isa = PBXBuildFile; fileRef = A4F104621E8B3E9E009E3C02 /* AppDelegate.swift */; };
		A4F104651E8B3E9E009E3C02 /* ViewController.swift in Sources */ = {isa = PBXBuildFile; fileRef = A4F104641E8B3E9E009E3C02 /* ViewController.swift */; };
		A4F104681E8B3E9E009E3C02 /* Main.storyboard in Resources */ = {isa = PBXBuildFile; fileRef = A4F104661E8B3E9E009E3C02 /* Main.storyboard */; };
		A4F1046A1E8B3E9E009E3C02 /* Assets.xcassets in Resources */ = {isa = PBXBuildFile; fileRef = A4F104691E8B3E9E009E3C02 /* Assets.xcassets */; };
		A4F1046D1E8B3E9E009E3C02 /* LaunchScreen.storyboard in Resources */ = {isa = PBXBuildFile; fileRef = A4F1046B1E8B3E9E009E3C02 /* LaunchScreen.storyboard */; };
		A4F104781E8B3E9E009E3C02 /* TestTests.swift in Sources */ = {isa = PBXBuildFile; fileRef = A4F104771E8B3E9E009E3C02 /* TestTests.swift */; };
		A4F104831E8B3E9E009E3C02 /* TestUITests.swift in Sources */ = {isa = PBXBuildFile; fileRef = A4F104821E8B3E9E009E3C02 /* TestUITests.swift */; };
/* End PBXBuildFile section */

/* Begin PBXContainerItemProxy section */
		A4F104741E8B3E9E009E3C02 /* PBXContainerItemProxy */ = {
			isa = PBXContainerItemProxy;
			containerPortal = A4F104571E8B3E9E009E3C02 /* Project object */;
			proxyType = 1;
			remoteGlobalIDString = A4F1045E1E8B3E9E009E3C02;
			remoteInfo = Test;
		};
		A4F1047F1E8B3E9E009E3C02 /* PBXContainerItemProxy */ = {
			isa = PBXContainerItemProxy;
			containerPortal = A4F104571E8B3E9E009E3C02 /* Project object */;
			proxyType = 1;
			remoteGlobalIDString = A4F1045E1E8B3E9E009E3C02;
			remoteInfo = Test;
		};
/* End PBXContainerItemProxy section */

/* Begin PBXFileReference section */
		A4F1045F1E8B3E9E009E3C02 /* Test.app */ = {isa = PBXFileReference; explicitFileType = wrapper.application; includeInIndex = 0; path = Test.app; sourceTree = BUILT_PRODUCTS_DIR; };
		A4F104621E8B3E9E009E3C02 /* AppDelegate.swift */ = {isa = PBXFileReference; lastKnownFileType = sourcecode.swift; path = AppDelegate.swift; sourceTree = "<group>"; };
		A4F104641E8B3E9E009E3C02 /* ViewController.swift */ = {isa = PBXFileReference; lastKnownFileType = sourcecode.swift; path = ViewController.swift; sourceTree = "<group>"; };
		A4F104671E8B3E9E009E3C02 /* Base */ = {isa = PBXFileReference; lastKnownFileType = file.storyboard; name = Base; path = Base.lproj/Main.storyboard; sourceTree = "<group>"; };
		A4F104691E8B3E9E009E3C02 /* Assets.xcassets */ = {isa = PBXFileReference; lastKnownFileType = folder.assetcatalog; path = Assets.xcassets; sourceTree = "<group>"; };
		A4F1046C1E8B3E9E009E3C02 /* Base */ = {isa = PBXFileReference; lastKnownFileType = file.storyboard; name = Base; path = Base.lproj/LaunchScreen.storyboard; sourceTree = "<group>"; };
		A4F1046E1E8B3E9E009E3C02 /* Info.plist */ = {isa = PBXFileReference; lastKnownFileType = text.plist.xml; path = Info.plist; sourceTree = "<group>"; };
		A4F104731E8B3E9E009E3C02 /* TestTests.xctest */ = {isa = PBXFileReference; explicitFileType = wrapper.cfbundle; includeInIndex = 0; path = TestTests.xctest; sourceTree = BUILT_PRODUCTS_DIR; };
		A4F104771E8B3E9E009E3C02 /* TestTests.swift */ = {isa = PBXFileReference; lastKnownFileType = sourcecode.swift; path = TestTests.swift; sourceTree = "<group>"; };
		A4F104791E8B3E9E009E3C02 /* Info.plist */ = {isa = PBXFileReference; lastKnownFileType = text.plist.xml; path = Info.plist; sourceTree = "<group>"; };
		A4F1047E1E8B3E9E009E3C02 /* TestUITests.xctest */ = {isa = PBXFileReference; explicitFileType = wrapper.cfbundle; includeInIndex = 0; path = TestUITests.xctest; sourceTree = BUILT_PRODUCTS_DIR; };
		A4F104821E8B3E9E009E3C02 /* TestUITests.swift */ = {isa = PBXFileReference; lastKnownFileType = sourcecode.swift; path = TestUITests.swift; sourceTree = "<group>"; };
		A4F104841E8B3E9E009E3C02 /* Info.plist */ = {isa = PBXFileReference; lastKnownFileType = text.plist.xml; path = Info.plist; sourceTree = "<group>"; };
/* End PBXFileReference section */

/* Begin PBXFrameworksBuildPhase section */
		A4F1045C1E8B3E9E009E3C02 /* Frameworks */ = {
			isa = PBXFrameworksBuildPhase;
			buildActionMask = 2147483647;
			files = (
			);
			runOnlyForDeploymentPostprocessing = 0;
		};
		A4F104701E8B3E9E009E3C02 /* Frameworks */ = {
			isa = PBXFrameworksBuildPhase;
			buildActionMask = 2147483647;
			files = (
			);
			runOnlyForDeploymentPostprocessing = 0;
		};
		A4F1047B1E8B3E9E009E3C02 /* Frameworks */ = {
			isa = PBXFrameworksBuildPhase;
			buildActionMask = 2147483647;
			files = (
			);
			runOnlyForDeploymentPostprocessing = 0;
		};
/* End PBXFrameworksBuildPhase section */

/* Begin PBXGroup section */
		A4F104561E8B3E9E009E3C02 = {
			isa = PBXGroup;
			children = (
				A4F104611E8B3E9E009E3C02 /* Test */,
				A4F104761E8B3E9E009E3C02 /* TestTests */,
				A4F104811E8B3E9E009E3C02 /* TestUITests */,
				A4F104601E8B3E9E009E3C02 /* Products */,
			);
			sourceTree = "<group>";
		};
		A4F104601E8B3E9E009E3C02 /* Products */ = {
			isa = PBXGroup;
			children = (
				A4F1045F1E8B3E9E009E3C02 /* Test.app */,
				A4F104731E8B3E9E009E3C02 /* TestTests.xctest */,
				A4F1047E1E8B3E9E009E3C02 /* TestUITests.xctest */,
			);
			name = Products;
			sourceTree = "<group>";
		};
		A4F104611E8B3E9E009E3C02 /* Test */ = {
			isa = PBXGroup;
			children = (
				A4F104621E8B3E9E009E3C02 /* AppDelegate.swift */,
				A4F104641E8B3E9E009E3C02 /* ViewController.swift */,
				A4F104661E8B3E9E009E3C02 /* Main.storyboard */,
				A4F104691E8B3E9E009E3C02 /* Assets.xcassets */,
				A4F1046B1E8B3E9E009E3C02 /* LaunchScreen.storyboard */,
				A4F1046E1E8B3E9E009E3C02 /* Info.plist */,
			);
			path = Test;
			sourceTree = "<group>";
		};
		A4F104761E8B3E9E009E3C02 /* TestTests */ = {
			isa = PBXGroup;
			children = (
				A4F104771E8B3E9E009E3C02 /* TestTests.swift */,
				A4F104791E8B3E9E009E3C02 /* Info.plist */,
			);
			path = TestTests;
			sourceTree = "<group>";
		};
		A4F104811E8B3E9E009E3C02 /* TestUITests */ = {
			isa = PBXGroup;
			children = (
				A4F104821E8B3E9E009E3C02 /* TestUITests.swift */,
				A4F104841E8B3E9E009E3C02 /* Info.plist */,
			);
			path = TestUITests;
			sourceTree = "<group>";
		};
/* End PBXGroup section */

/* Begin PBXNativeTarget section */
		A4F1045E1E8B3E9E009E3C02 /* Test */ = {
			isa = PBXNativeTarget;
			buildConfigurationList = A4F104871E8B3E9E009E3C02 /* Build configuration list for PBXNativeTarget "Test" */;
			buildPhases = (
				A4F1045B1E8B3E9E009E3C02 /* Sources */,
				A4F1045C1E8B3E9E009E3C02 /* Frameworks */,
				A4F1045D1E8B3E9E009E3C02 /* Resources */,
			);
			buildRules = (
			);
			dependencies = (
			);
			name = Test;
			productName = Test;
			productReference = A4F1045F1E8B3E9E009E3C02 /* Test.app */;
			productType = "com.apple.product-type.application";
		};
		A4F104721E8B3E9E009E3C02 /* TestTests */ = {
			isa = PBXNativeTarget;
			buildConfigurationList = A4F1048A1E8B3E9E009E3C02 /* Build configuration list for PBXNativeTarget "TestTests" */;
			buildPhases = (
				A4F1046F1E8B3E9E009E3C02 /* Sources */,
				A4F104701E8B3E9E009E3C02 /* Frameworks */,
				A4F104711E8B3E9E009E3C02 /* Resources */,
			);
			buildRules = (
			);
			dependencies = (
				A4F104751E8B3E9E009E3C02 /* PBXTargetDependency */,
			);
			name = TestTests;
			productName = TestTests;
			productReference = A4F104731E8B3E9E009E3C02 /* TestTests.xctest */;
			productType = "com.apple.product-type.bundle.unit-test";
		};
		A4F1047D1E8B3E9E009E3C02 /* TestUITests */ = {
			isa = PBXNativeTarget;
			buildConfigurationList = A4F1048D1E8B3E9E009E3C02 /* Build configuration list for PBXNativeTarget "TestUITests" */;
			buildPhases = (
				A4F1047A1E8B3E9E009E3C02 /* Sources */,
				A4F1047B1E8B3E9E009E3C02 /* Frameworks */,
				A4F1047C1E8B3E9E009E3C02 /* Resources */,
			);
			buildRules = (
			);
			dependencies = (
				A4F104801E8B3E9E009E3C02 /* PBXTargetDependency */,
			);
			name = TestUITests;
			productName = TestUITests;
			productReference = A4F1047E1E8B3E9E009E3C02 /* TestUITests.xctest */;
			productType = "com.apple.product-type.bundle.ui-testing";
		};
/* End PBXNativeTarget section */

/* Begin PBXProject section */
		A4F104571E8B3E9E009E3C02 /* Project object */ = {
			isa = PBXProject;
			attributes = {
				LastSwiftUpdateCheck = 0830;
				LastUpgradeCheck = 0830;
				ORGANIZATIONNAME = "Sridhar Dumpala";
				TargetAttributes = {
					A4F1045E1E8B3E9E009E3C02 = {
						CreatedOnToolsVersion = 8.3;
						ProvisioningStyle = Automatic;
					};
					A4F104721E8B3E9E009E3C02 = {
						CreatedOnToolsVersion = 8.3;
						ProvisioningStyle = Automatic;
						TestTargetID = A4F1045E1E8B3E9E009E3C02;
					};
					A4F1047D1E8B3E9E009E3C02 = {
						CreatedOnToolsVersion = 8.3;
						ProvisioningStyle = Automatic;
						TestTargetID = A4F1045E1E8B3E9E009E3C02;
					};
				};
			};
			buildConfigurationList = A4F1045A1E8B3E9E009E3C02 /* Build configuration list for PBXProject "Test" */;
			compatibilityVersion = "Xcode 3.2";
			developmentRegion = English;
			hasScannedForEncodings = 0;
			knownRegions = (
				en,
				Base,
			);
			mainGroup = A4F104561E8B3E9E009E3C02;
			productRefGroup = A4F104601E8B3E9E009E3C02 /* Products */;
			projectDirPath = "";
			projectRoot = "";
			targets = (
				A4F1045E1E8B3E9E009E3C02 /* Test */,
				A4F104721E8B3E9E009E3C02 /* TestTests */,
				A4F1047D1E8B3E9E009E3C02 /* TestUITests */,
			);
		};
/* End PBXProject section */

/* Begin PBXResourcesBuildPhase section */
		A4F1045D1E8B3E9E009E3C02 /* Resources */ = {
			isa = PBXResourcesBuildPhase;
			buildActionMask = 2147483647;
			files = (
				A4F1046D1E8B3E9E009E3C02 /* LaunchScreen.storyboard in Resources */,
				A4F1046A1E8B3E9E009E3C02 /* Assets.xcassets in Resources */,
				A4F104681E8B3E9E009E3C02 /* Main.storyboard in Resources */,
			);
			runOnlyForDeploymentPostprocessing = 0;
		};
		A4F104711E8B3E9E009E3C02 /* Resources */ = {
			isa = PBXResourcesBuildPhase;
			buildActionMask = 2147483647;
			files = (
			);
			runOnlyForDeploymentPostprocessing = 0;
		};
		A4F1047C1E8B3E9E009E3C02 /* Resources */ = {
			isa = PBXResourcesBuildPhase;
			buildActionMask = 2147483647;
			files = (
			);
			runOnlyForDeploymentPostprocessing = 0;
		};
/* End PBXResourcesBuildPhase section */

/* Begin PBXSourcesBuildPhase section */
		A4F1045B1E8B3E9E009E3C02 /* Sources */ = {
			isa = PBXSourcesBuildPhase;
			buildActionMask = 2147483647;
			files = (
				A4F104651E8B3E9E009E3C02 /* ViewController.swift in Sources */,
				A4F104631E8B3E9E009E3C02 /* AppDelegate.swift in Sources */,
			);
			runOnlyForDeploymentPostprocessing = 0;
		};
		A4F1046F1E8B3E9E009E3C02 /* Sources */ = {
			isa = PBXSourcesBuildPhase;
			buildActionMask = 2147483647;
			files = (
				A4F104781E8B3E9E009E3C02 /* TestTests.swift in Sources */,
			);
			runOnlyForDeploymentPostprocessing = 0;
		};
		A4F1047A1E8B3E9E009E3C02 /* Sources */ = {
			isa = PBXSourcesBuildPhase;
			buildActionMask = 2147483647;
			files = (
				A4F104831E8B3E9E009E3C02 /* TestUITests.swift in Sources */,
			);
			runOnlyForDeploymentPostprocessing = 0;
		};
/* End PBXSourcesBuildPhase section */

/* Begin PBXTargetDependency section */
		A4F104751E8B3E9E009E3C02 /* PBXTargetDependency */ = {
			isa = PBXTargetDependency;
			target = A4F1045E1E8B3E9E009E3C02 /* Test */;
			targetProxy = A4F104741E8B3E9E009E3C02 /* PBXContainerItemProxy */;
		};
		A4F104801E8B3E9E009E3C02 /* PBXTargetDependency */ = {
			isa = PBXTargetDependency;
			target = A4F1045E1E8B3E9E009E3C02 /* Test */;
			targetProxy = A4F1047F1E8B3E9E009E3C02 /* PBXContainerItemProxy */;
		};
/* End PBXTargetDependency section */

/* Begin PBXVariantGroup section */
		A4F104661E8B3E9E009E3C02 /* Main.storyboard */ = {
			isa = PBXVariantGroup;
			children = (
				A4F104671E8B3E9E009E3C02 /* Base */,
			);
			name = Main.storyboard;
			sourceTree = "<group>";
		};
		A4F1046B1E8B3E9E009E3C02 /* LaunchScreen.storyboard */ = {
			isa = PBXVariantGroup;
			children = (
				A4F1046C1E8B3E9E009E3C02 /* Base */,
			);
			name = LaunchScreen.storyboard;
			sourceTree = "<group>";
		};
/* End PBXVariantGroup section */

/* Begin XCBuildConfiguration section */
		A4F104851E8B3E9E009E3C02 /* Debug */ = {
			isa = XCBuildConfiguration;
			buildSettings = {
				ALWAYS_SEARCH_USER_PATHS = NO;
				CLANG_ANALYZER_NONNULL = YES;
				CLANG_ANALYZER_NUMBER_OBJECT_CONVERSION = YES_AGGRESSIVE;
				CLANG_CXX_LANGUAGE_STANDARD = "gnu++0x";
				CLANG_CXX_LIBRARY = "libc++";
				CLANG_ENABLE_MODULES = YES;
				CLANG_ENABLE_OBJC_ARC = YES;
				CLANG_WARN_BOOL_CONVERSION = YES;
				CLANG_WARN_CONSTANT_CONVERSION = YES;
				CLANG_WARN_DIRECT_OBJC_ISA_USAGE = YES_ERROR;
				CLANG_WARN_DOCUMENTATION_COMMENTS = YES;
				CLANG_WARN_EMPTY_BODY = YES;
				CLANG_WARN_ENUM_CONVERSION = YES;
				CLANG_WARN_INFINITE_RECURSION = YES;
				CLANG_WARN_INT_CONVERSION = YES;
				CLANG_WARN_OBJC_ROOT_CLASS = YES_ERROR;
				CLANG_WARN_SUSPICIOUS_MOVE = YES;
				CLANG_WARN_UNREACHABLE_CODE = YES;
				CLANG_WARN__DUPLICATE_METHOD_MATCH = YES;
				"CODE_SIGN_IDENTITY[sdk=iphoneos*]" = "iPhone Developer";
				COPY_PHASE_STRIP = NO;
				DEBUG_INFORMATION_FORMAT = dwarf;
				ENABLE_STRICT_OBJC_MSGSEND = YES;
				ENABLE_TESTABILITY = YES;
				GCC_C_LANGUAGE_STANDARD = gnu99;
				GCC_DYNAMIC_NO_PIC = NO;
				GCC_NO_COMMON_BLOCKS = YES;
				GCC_OPTIMIZATION_LEVEL = 0;
				GCC_PREPROCESSOR_DEFINITIONS = (
					"DEBUG=1",
					"$(inherited)",
				);
				GCC_WARN_64_TO_32_BIT_CONVERSION = YES;
				GCC_WARN_ABOUT_RETURN_TYPE = YES_ERROR;
				GCC_WARN_UNDECLARED_SELECTOR = YES;
				GCC_WARN_UNINITIALIZED_AUTOS = YES_AGGRESSIVE;
				GCC_WARN_UNUSED_FUNCTION = YES;
				GCC_WARN_UNUSED_VARIABLE = YES;
				IPHONEOS_DEPLOYMENT_TARGET = 10.3;
				MTL_ENABLE_DEBUG_INFO = YES;
				ONLY_ACTIVE_ARCH = YES;
				SDKROOT = iphoneos;
				SWIFT_ACTIVE_COMPILATION_CONDITIONS = DEBUG;
				SWIFT_OPTIMIZATION_LEVEL = "-Onone";
				TARGETED_DEVICE_FAMILY = "1,2";
			};
			name = Debug;
		};
		A4F104861E8B3E9E009E3C02 /* Release */ = {
			isa = XCBuildConfiguration;
			buildSettings = {
				ALWAYS_SEARCH_USER_PATHS = NO;
				CLANG_ANALYZER_NONNULL = YES;
				CLANG_ANALYZER_NUMBER_OBJECT_CONVERSION = YES_AGGRESSIVE;
				CLANG_CXX_LANGUAGE_STANDARD = "gnu++0x";
				CLANG_CXX_LIBRARY = "libc++";
				CLANG_ENABLE_MODULES = YES;
				CLANG_ENABLE_OBJC_ARC = YES;
				CLANG_WARN_BOOL_CONVERSION = YES;
				CLANG_WARN_CONSTANT_CONVERSION = YES;
				CLANG_WARN_DIRECT_OBJC_ISA_USAGE = YES_ERROR;
				CLANG_WARN_DOCUMENTATION_COMMENTS = YES;
				CLANG_WARN_EMPTY_BODY = YES;
				CLANG_WARN_ENUM_CONVERSION = YES;
				CLANG_WARN_INFINITE_RECURSION = YES;
				CLANG_WARN_INT_CONVERSION = YES;
				CLANG_WARN_OBJC_ROOT_CLASS = YES_ERROR;
				CLANG_WARN_SUSPICIOUS_MOVE = YES;
				CLANG_WARN_UNREACHABLE_CODE = YES;
				CLANG_WARN__DUPLICATE_METHOD_MATCH = YES;
				"CODE_SIGN_IDENTITY[sdk=iphoneos*]" = "iPhone Developer";
				COPY_PHASE_STRIP = NO;
				DEBUG_INFORMATION_FORMAT = "dwarf-with-dsym";
				ENABLE_NS_ASSERTIONS = NO;
				ENABLE_STRICT_OBJC_MSGSEND = YES;
				GCC_C_LANGUAGE_STANDARD = gnu99;
				GCC_NO_COMMON_BLOCKS = YES;
				GCC_WARN_64_TO_32_BIT_CONVERSION = YES;
				GCC_WARN_ABOUT_RETURN_TYPE = YES_ERROR;
				GCC_WARN_UNDECLARED_SELECTOR = YES;
				GCC_WARN_UNINITIALIZED_AUTOS = YES_AGGRESSIVE;
				GCC_WARN_UNUSED_FUNCTION = YES;
				GCC_WARN_UNUSED_VARIABLE = YES;
				IPHONEOS_DEPLOYMENT_TARGET = 10.3;
				MTL_ENABLE_DEBUG_INFO = NO;
				SDKROOT = iphoneos;
				SWIFT_OPTIMIZATION_LEVEL = "-Owholemodule";
				TARGETED_DEVICE_FAMILY = "1,2";
				VALIDATE_PRODUCT = YES;
			};
			name = Release;
		};
		A4F104881E8B3E9E009E3C02 /* Debug */ = {
			isa = XCBuildConfiguration;
			buildSettings = {
				ASSETCATALOG_COMPILER_APPICON_NAME = AppIcon;
				INFOPLIST_FILE = Test/Info.plist;
				LD_RUNPATH_SEARCH_PATHS = "$(inherited) @executable_path/Frameworks";
				PRODUCT_BUNDLE_IDENTIFIER = School.Test;
				PRODUCT_NAME = "$(TARGET_NAME)";
				SWIFT_VERSION = 3.0;
			};
			name = Debug;
		};
		A4F104891E8B3E9E009E3C02 /* Release */ = {
			isa = XCBuildConfiguration;
			buildSettings = {
				ASSETCATALOG_COMPILER_APPICON_NAME = AppIcon;
				INFOPLIST_FILE = Test/Info.plist;
				LD_RUNPATH_SEARCH_PATHS = "$(inherited) @executable_path/Frameworks";
				PRODUCT_BUNDLE_IDENTIFIER = School.Test;
				PRODUCT_NAME = "$(TARGET_NAME)";
				SWIFT_VERSION = 3.0;
			};
			name = Release;
		};
		A4F1048B1E8B3E9E009E3C02 /* Debug */ = {
			isa = XCBuildConfiguration;
			buildSettings = {
				ALWAYS_EMBED_SWIFT_STANDARD_LIBRARIES = YES;
				BUNDLE_LOADER = "$(TEST_HOST)";
				INFOPLIST_FILE = TestTests/Info.plist;
				LD_RUNPATH_SEARCH_PATHS = "$(inherited) @executable_path/Frameworks @loader_path/Frameworks";
				PRODUCT_BUNDLE_IDENTIFIER = School.TestTests;
				PRODUCT_NAME = "$(TARGET_NAME)";
				SWIFT_VERSION = 3.0;
				TEST_HOST = "$(BUILT_PRODUCTS_DIR)/Test.app/Test";
			};
			name = Debug;
		};
		A4F1048C1E8B3E9E009E3C02 /* Release */ = {
			isa = XCBuildConfiguration;
			buildSettings = {
				ALWAYS_EMBED_SWIFT_STANDARD_LIBRARIES = YES;
				BUNDLE_LOADER = "$(TEST_HOST)";
				INFOPLIST_FILE = TestTests/Info.plist;
				LD_RUNPATH_SEARCH_PATHS = "$(inherited) @executable_path/Frameworks @loader_path/Frameworks";
				PRODUCT_BUNDLE_IDENTIFIER = School.TestTests;
				PRODUCT_NAME = "$(TARGET_NAME)";
				SWIFT_VERSION = 3.0;
				TEST_HOST = "$(BUILT_PRODUCTS_DIR)/Test.app/Test";
			};
			name = Release;
		};
		A4F1048E1E8B3E9E009E3C02 /* Debug */ = {
			isa = XCBuildConfiguration;
			buildSettings = {
				ALWAYS_EMBED_SWIFT_STANDARD_LIBRARIES = YES;
				INFOPLIST_FILE = TestUITests/Info.plist;
				LD_RUNPATH_SEARCH_PATHS = "$(inherited) @executable_path/Frameworks @loader_path/Frameworks";
				PRODUCT_BUNDLE_IDENTIFIER = School.TestUITests;
				PRODUCT_NAME = "$(TARGET_NAME)";
				SWIFT_VERSION = 3.0;
				TEST_TARGET_NAME = Test;
			};
			name = Debug;
		};
		A4F1048F1E8B3E9E009E3C02 /* Release */ = {
			isa = XCBuildConfiguration;
			buildSettings = {
				ALWAYS_EMBED_SWIFT_STANDARD_LIBRARIES = YES;
				INFOPLIST_FILE = TestUITests/Info.plist;
				LD_RUNPATH_SEARCH_PATHS = "$(inherited) @executable_path/Frameworks @loader_path/Frameworks";
				PRODUCT_BUNDLE_IDENTIFIER = School.TestUITests;
				PRODUCT_NAME = "$(TARGET_NAME)";
				SWIFT_VERSION = 3.0;
				TEST_TARGET_NAME = Test;
			};
			name = Release;
		};
/* End XCBuildConfiguration section */

/* Begin XCConfigurationList section */
		A4F1045A1E8B3E9E009E3C02 /* Build configuration list for PBXProject "Test" */ = {
			isa = XCConfigurationList;
			buildConfigurations = (
				A4F104851E8B3E9E009E3C02 /* Debug */,
				A4F104861E8B3E9E009E3C02 /* Release */,
			);
			defaultConfigurationIsVisible = 0;
			defaultConfigurationName = Release;
		};
		A4F104871E8B3E9E009E3C02 /* Build configuration list for PBXNativeTarget "Test" */ = {
			isa = XCConfigurationList;
			buildConfigurations = (
				A4F104881E8B3E9E009E3C02 /* Debug */,
				A4F104891E8B3E9E009E3C02 /* Release */,
			);
			defaultConfigurationIsVisible = 0;
		};
		A4F1048A1E8B3E9E009E3C02 /* Build configuration list for PBXNativeTarget "TestTests" */ = {
			isa = XCConfigurationList;
			buildConfigurations = (
				A4F1048B1E8B3E9E009E3C02 /* Debug */,
				A4F1048C1E8B3E9E009E3C02 /* Release */,
			);
			defaultConfigurationIsVisible = 0;
		};
		A4F1048D1E8B3E9E009E3C02 /* Build configuration list for PBXNativeTarget "TestUITests" */ = {
			isa = XCConfigurationList;
			buildConfigurations = (
				A4F1048E1E8B3E9E009E3C02 /* Debug */,
				A4F1048F1E8B3E9E009E3C02 /* Release */,
			);
			defaultConfigurationIsVisible = 0;
		};
/* End XCConfigurationList section */
	};
	rootObject = A4F104571E8B3E9E009E3C02 /* Project object */;
}
